// !$*UTF8*$!
{
	archiveVersion = 1;
	classes = {
	};
	objectVersion = 46;
	objects = {

/* Begin PBXBuildFile section */
		D6052D6A1C4FD5B300B0282A /* AppDelegate.swift in Sources */ = {isa = PBXBuildFile; fileRef = D6052D691C4FD5B300B0282A /* AppDelegate.swift */; };
		D6052D6C1C4FD5B300B0282A /* ViewController.swift in Sources */ = {isa = PBXBuildFile; fileRef = D6052D6B1C4FD5B300B0282A /* ViewController.swift */; };
		D6052D6F1C4FD5B300B0282A /* Main.storyboard in Resources */ = {isa = PBXBuildFile; fileRef = D6052D6D1C4FD5B300B0282A /* Main.storyboard */; };
		D6052D711C4FD5B300B0282A /* Assets.xcassets in Resources */ = {isa = PBXBuildFile; fileRef = D6052D701C4FD5B300B0282A /* Assets.xcassets */; };
		D6052D741C4FD5B300B0282A /* LaunchScreen.storyboard in Resources */ = {isa = PBXBuildFile; fileRef = D6052D721C4FD5B300B0282A /* LaunchScreen.storyboard */; };
		D6052D7C1C502BC300B0282A /* FactModel.swift in Sources */ = {isa = PBXBuildFile; fileRef = D6052D7B1C502BC300B0282A /* FactModel.swift */; };
		D64513351C5130C700B6F26E /* ColorModel.swift in Sources */ = {isa = PBXBuildFile; fileRef = D64513341C5130C700B6F26E /* ColorModel.swift */; };
/* End PBXBuildFile section */

/* Begin PBXFileReference section */
		D6052D661C4FD5B300B0282A /* FunFacts.app */ = {isa = PBXFileReference; explicitFileType = wrapper.application; includeInIndex = 0; path = FunFacts.app; sourceTree = BUILT_PRODUCTS_DIR; };
		D6052D691C4FD5B300B0282A /* AppDelegate.swift */ = {isa = PBXFileReference; lastKnownFileType = sourcecode.swift; path = AppDelegate.swift; sourceTree = "<group>"; };
		D6052D6B1C4FD5B300B0282A /* ViewController.swift */ = {isa = PBXFileReference; lastKnownFileType = sourcecode.swift; path = ViewController.swift; sourceTree = "<group>"; };
		D6052D6E1C4FD5B300B0282A /* Base */ = {isa = PBXFileReference; lastKnownFileType = file.storyboard; name = Base; path = Base.lproj/Main.storyboard; sourceTree = "<group>"; };
		D6052D701C4FD5B300B0282A /* Assets.xcassets */ = {isa = PBXFileReference; lastKnownFileType = folder.assetcatalog; path = Assets.xcassets; sourceTree = "<group>"; };
		D6052D731C4FD5B300B0282A /* Base */ = {isa = PBXFileReference; lastKnownFileType = file.storyboard; name = Base; path = Base.lproj/LaunchScreen.storyboard; sourceTree = "<group>"; };
		D6052D751C4FD5B300B0282A /* Info.plist */ = {isa = PBXFileReference; lastKnownFileType = text.plist.xml; path = Info.plist; sourceTree = "<group>"; };
		D6052D7B1C502BC300B0282A /* FactModel.swift */ = {isa = PBXFileReference; fileEncoding = 4; lastKnownFileType = sourcecode.swift; path = FactModel.swift; sourceTree = "<group>"; };
		D64513341C5130C700B6F26E /* ColorModel.swift */ = {isa = PBXFileReference; fileEncoding = 4; lastKnownFileType = sourcecode.swift; path = ColorModel.swift; sourceTree = "<group>"; };
/* End PBXFileReference section */

/* Begin PBXFrameworksBuildPhase section */
		D6052D631C4FD5B300B0282A /* Frameworks */ = {
			isa = PBXFrameworksBuildPhase;
			buildActionMask = 2147483647;
			files = (
			);
			runOnlyForDeploymentPostprocessing = 0;
		};
/* End PBXFrameworksBuildPhase section */

/* Begin PBXGroup section */
		D6052D5D1C4FD5B300B0282A = {
			isa = PBXGroup;
			children = (
				D6052D681C4FD5B300B0282A /* FunFacts */,
				D6052D671C4FD5B300B0282A /* Products */,
			);
			sourceTree = "<group>";
		};
		D6052D671C4FD5B300B0282A /* Products */ = {
			isa = PBXGroup;
			children = (
				D6052D661C4FD5B300B0282A /* FunFacts.app */,
			);
			name = Products;
			sourceTree = "<group>";
		};
		D6052D681C4FD5B300B0282A /* FunFacts */ = {
			isa = PBXGroup;
			children = (
				D6052D691C4FD5B300B0282A /* AppDelegate.swift */,
				D6052D6B1C4FD5B300B0282A /* ViewController.swift */,
				D6052D6D1C4FD5B300B0282A /* Main.storyboard */,
				D6052D701C4FD5B300B0282A /* Assets.xcassets */,
				D6052D721C4FD5B300B0282A /* LaunchScreen.storyboard */,
				D6052D751C4FD5B300B0282A /* Info.plist */,
				D6052D7B1C502BC300B0282A /* FactModel.swift */,
				D64513341C5130C700B6F26E /* ColorModel.swift */,
			);
			path = FunFacts;
			sourceTree = "<group>";
		};
/* End PBXGroup section */

/* Begin PBXNativeTarget section */
		D6052D651C4FD5B300B0282A /* FunFacts */ = {
			isa = PBXNativeTarget;
			buildConfigurationList = D6052D781C4FD5B300B0282A /* Build configuration list for PBXNativeTarget "FunFacts" */;
			buildPhases = (
				D6052D621C4FD5B300B0282A /* Sources */,
				D6052D631C4FD5B300B0282A /* Frameworks */,
				D6052D641C4FD5B300B0282A /* Resources */,
			);
			buildRules = (
			);
			dependencies = (
			);
			name = FunFacts;
			productName = FunFacts;
			productReference = D6052D661C4FD5B300B0282A /* FunFacts.app */;
			productType = "com.apple.product-type.application";
		};
/* End PBXNativeTarget section */

/* Begin PBXProject section */
		D6052D5E1C4FD5B300B0282A /* Project object */ = {
			isa = PBXProject;
			attributes = {
				LastSwiftUpdateCheck = 0720;
				LastUpgradeCheck = 0720;
				ORGANIZATIONNAME = "Quentin L'EILDE";
				TargetAttributes = {
					D6052D651C4FD5B300B0282A = {
						CreatedOnToolsVersion = 7.2;
						DevelopmentTeam = EUE2UN87UV;
					};
				};
			};
			buildConfigurationList = D6052D611C4FD5B300B0282A /* Build configuration list for PBXProject "FunFacts" */;
			compatibilityVersion = "Xcode 3.2";
			developmentRegion = English;
			hasScannedForEncodings = 0;
			knownRegions = (
				en,
				Base,
			);
			mainGroup = D6052D5D1C4FD5B300B0282A;
			productRefGroup = D6052D671C4FD5B300B0282A /* Products */;
			projectDirPath = "";
			projectRoot = "";
			targets = (
				D6052D651C4FD5B300B0282A /* FunFacts */,
			);
		};
/* End PBXProject section */

/* Begin PBXResourcesBuildPhase section */
		D6052D641C4FD5B300B0282A /* Resources */ = {
			isa = PBXResourcesBuildPhase;
			buildActionMask = 2147483647;
			files = (
				D6052D741C4FD5B300B0282A /* LaunchScreen.storyboard in Resources */,
				D6052D711C4FD5B300B0282A /* Assets.xcassets in Resources */,
				D6052D6F1C4FD5B300B0282A /* Main.storyboard in Resources */,
			);
			runOnlyForDeploymentPostprocessing = 0;
		};
/* End PBXResourcesBuildPhase section */

/* Begin PBXSourcesBuildPhase section */
		D6052D621C4FD5B300B0282A /* Sources */ = {
			isa = PBXSourcesBuildPhase;
			buildActionMask = 2147483647;
			files = (
				D6052D7C1C502BC300B0282A /* FactModel.swift in Sources */,
				D6052D6C1C4FD5B300B0282A /* ViewController.swift in Sources */,
				D6052D6A1C4FD5B300B0282A /* AppDelegate.swift in Sources */,
				D64513351C5130C700B6F26E /* ColorModel.swift in Sources */,
			);
			runOnlyForDeploymentPostprocessing = 0;
		};
/* End PBXSourcesBuildPhase section */

/* Begin PBXVariantGroup section */
		D6052D6D1C4FD5B300B0282A /* Main.storyboard */ = {
			isa = PBXVariantGroup;
			children = (
				D6052D6E1C4FD5B300B0282A /* Base */,
			);
			name = Main.storyboard;
			sourceTree = "<group>";
		};
		D6052D721C4FD5B300B0282A /* LaunchScreen.storyboard */ = {
			isa = PBXVariantGroup;
			children = (
				D6052D731C4FD5B300B0282A /* Base */,
			);
			name = LaunchScreen.storyboard;
			sourceTree = "<group>";
		};
/* End PBXVariantGroup section */

/* Begin XCBuildConfiguration section */
		D6052D761C4FD5B300B0282A /* Debug */ = {
			isa = XCBuildConfiguration;
			buildSettings = {
				ALWAYS_SEARCH_USER_PATHS = NO;
				CLANG_CXX_LANGUAGE_STANDARD = "gnu++0x";
				CLANG_CXX_LIBRARY = "libc++";
				CLANG_ENABLE_MODULES = YES;
				CLANG_ENABLE_OBJC_ARC = YES;
				CLANG_WARN_BOOL_CONVERSION = YES;
				CLANG_WARN_CONSTANT_CONVERSION = YES;
				CLANG_WARN_DIRECT_OBJC_ISA_USAGE = YES_ERROR;
				CLANG_WARN_EMPTY_BODY = YES;
				CLANG_WARN_ENUM_CONVERSION = YES;
				CLANG_WARN_INT_CONVERSION = YES;
				CLANG_WARN_OBJC_ROOT_CLASS = YES_ERROR;
				CLANG_WARN_UNREACHABLE_CODE = YES;
				CLANG_WARN__DUPLICATE_METHOD_MATCH = YES;
				"CODE_SIGN_IDENTITY[sdk=iphoneos*]" = "iPhone Developer";
				COPY_PHASE_STRIP = NO;
				DEBUG_INFORMATION_FORMAT = dwarf;
				ENABLE_STRICT_OBJC_MSGSEND = YES;
				ENABLE_TESTABILITY = YES;
				GCC_C_LANGUAGE_STANDARD = gnu99;
				GCC_DYNAMIC_NO_PIC = NO;
				GCC_NO_COMMON_BLOCKS = YES;
				GCC_OPTIMIZATION_LEVEL = 0;
				GCC_PREPROCESSOR_DEFINITIONS = (
					"DEBUG=1",
					"$(inherited)",
				);
				GCC_WARN_64_TO_32_BIT_CONVERSION = YES;
				GCC_WARN_ABOUT_RETURN_TYPE = YES_ERROR;
				GCC_WARN_UNDECLARED_SELECTOR = YES;
				GCC_WARN_UNINITIALIZED_AUTOS = YES_AGGRESSIVE;
				GCC_WARN_UNUSED_FUNCTION = YES;
				GCC_WARN_UNUSED_VARIABLE = YES;
				IPHONEOS_DEPLOYMENT_TARGET = 9.2;
				MTL_ENABLE_DEBUG_INFO = YES;
				ONLY_ACTIVE_ARCH = YES;
				SDKROOT = iphoneos;
				SWIFT_OPTIMIZATION_LEVEL = "-Onone";
			};
			name = Debug;
		};
		D6052D771C4FD5B300B0282A /* Release */ = {
			isa = XCBuildConfiguration;
			buildSettings = {
				ALWAYS_SEARCH_USER_PATHS = NO;
				CLANG_CXX_LANGUAGE_STANDARD = "gnu++0x";
				CLANG_CXX_LIBRARY = "libc++";
				CLANG_ENABLE_MODULES = YES;
				CLANG_ENABLE_OBJC_ARC = YES;
				CLANG_WARN_BOOL_CONVERSION = YES;
				CLANG_WARN_CONSTANT_CONVERSION = YES;
				CLANG_WARN_DIRECT_OBJC_ISA_USAGE = YES_ERROR;
				CLANG_WARN_EMPTY_BODY = YES;
				CLANG_WARN_ENUM_CONVERSION = YES;
				CLANG_WARN_INT_CONVERSION = YES;
				CLANG_WARN_OBJC_ROOT_CLASS = YES_ERROR;
				CLANG_WARN_UNREACHABLE_CODE = YES;
				CLANG_WARN__DUPLICATE_METHOD_MATCH = YES;
				"CODE_SIGN_IDENTITY[sdk=iphoneos*]" = "iPhone Developer";
				COPY_PHASE_STRIP = NO;
				DEBUG_INFORMATION_FORMAT = "dwarf-with-dsym";
				ENABLE_NS_ASSERTIONS = NO;
				ENABLE_STRICT_OBJC_MSGSEND = YES;
				GCC_C_LANGUAGE_STANDARD = gnu99;
				GCC_NO_COMMON_BLOCKS = YES;
				GCC_WARN_64_TO_32_BIT_CONVERSION = YES;
				GCC_WARN_ABOUT_RETURN_TYPE = YES_ERROR;
				GCC_WARN_UNDECLARED_SELECTOR = YES;
				GCC_WARN_UNINITIALIZED_AUTOS = YES_AGGRESSIVE;
				GCC_WARN_UNUSED_FUNCTION = YES;
				GCC_WARN_UNUSED_VARIABLE = YES;
				IPHONEOS_DEPLOYMENT_TARGET = 9.2;
				MTL_ENABLE_DEBUG_INFO = NO;
				SDKROOT = iphoneos;
				VALIDATE_PRODUCT = YES;
			};
			name = Release;
		};
		D6052D791C4FD5B300B0282A /* Debug */ = {
			isa = XCBuildConfiguration;
			buildSettings = {
				ASSETCATALOG_COMPILER_APPICON_NAME = AppIcon;
				INFOPLIST_FILE = FunFacts/Info.plist;
				IPHONEOS_DEPLOYMENT_TARGET = 9.0;
				LD_RUNPATH_SEARCH_PATHS = "$(inherited) @executable_path/Frameworks";
				PRODUCT_BUNDLE_IDENTIFIER = "fr.atlante-vtc.FunFacts";
				PRODUCT_NAME = "$(TARGET_NAME)";
			};
			name = Debug;
		};
		D6052D7A1C4FD5B300B0282A /* Release */ = {
			isa = XCBuildConfiguration;
			buildSettings = {
				ASSETCATALOG_COMPILER_APPICON_NAME = AppIcon;
				INFOPLIST_FILE = FunFacts/Info.plist;
				IPHONEOS_DEPLOYMENT_TARGET = 9.0;
				LD_RUNPATH_SEARCH_PATHS = "$(inherited) @executable_path/Frameworks";
				PRODUCT_BUNDLE_IDENTIFIER = "fr.atlante-vtc.FunFacts";
				PRODUCT_NAME = "$(TARGET_NAME)";
			};
			name = Release;
		};
/* End XCBuildConfiguration section */

/* Begin XCConfigurationList section */
		D6052D611C4FD5B300B0282A /* Build configuration list for PBXProject "FunFacts" */ = {
			isa = XCConfigurationList;
			buildConfigurations = (
				D6052D761C4FD5B300B0282A /* Debug */,
				D6052D771C4FD5B300B0282A /* Release */,
			);
			defaultConfigurationIsVisible = 0;
			defaultConfigurationName = Release;
		};
		D6052D781C4FD5B300B0282A /* Build configuration list for PBXNativeTarget "FunFacts" */ = {
			isa = XCConfigurationList;
			buildConfigurations = (
				D6052D791C4FD5B300B0282A /* Debug */,
				D6052D7A1C4FD5B300B0282A /* Release */,
			);
			defaultConfigurationIsVisible = 0;
			defaultConfigurationName = Release;
		};
/* End XCConfigurationList section */
	};
	rootObject = D6052D5E1C4FD5B300B0282A /* Project object */;
}
